// !$*UTF8*$!
{
	archiveVersion = 1;
	classes = {
	};
	objectVersion = 50;
	objects = {

/* Begin PBXBuildFile section */
		391A96112437356600B9DBC6 /* main.c in Sources */ = {isa = PBXBuildFile; fileRef = 391A96102437356600B9DBC6 /* main.c */; };
		391A9619243AD1FE00B9DBC6 /* ctof.c in Sources */ = {isa = PBXBuildFile; fileRef = 391A9618243AD1FE00B9DBC6 /* ctof.c */; };
		391A961E243B08E300B9DBC6 /* str_replace.c in Sources */ = {isa = PBXBuildFile; fileRef = 391A961D243B08E300B9DBC6 /* str_replace.c */; };
		391A9621243B125500B9DBC6 /* histogram.c in Sources */ = {isa = PBXBuildFile; fileRef = 391A9620243B125500B9DBC6 /* histogram.c */; };
		391A9624243C0A9F00B9DBC6 /* reverse.c in Sources */ = {isa = PBXBuildFile; fileRef = 391A9623243C0A9F00B9DBC6 /* reverse.c */; };
/* End PBXBuildFile section */

/* Begin PBXCopyFilesBuildPhase section */
		391A960B2437356600B9DBC6 /* CopyFiles */ = {
			isa = PBXCopyFilesBuildPhase;
			buildActionMask = 2147483647;
			dstPath = /usr/share/man/man1/;
			dstSubfolderSpec = 0;
			files = (
			);
			runOnlyForDeploymentPostprocessing = 1;
		};
/* End PBXCopyFilesBuildPhase section */

/* Begin PBXFileReference section */
		391A960D2437356600B9DBC6 /* wuym1 */ = {isa = PBXFileReference; explicitFileType = "compiled.mach-o.executable"; includeInIndex = 0; path = wuym1; sourceTree = BUILT_PRODUCTS_DIR; };
		391A96102437356600B9DBC6 /* main.c */ = {isa = PBXFileReference; lastKnownFileType = sourcecode.c.c; path = main.c; sourceTree = "<group>"; };
		391A9617243AD1FE00B9DBC6 /* ctof.h */ = {isa = PBXFileReference; lastKnownFileType = sourcecode.c.h; path = ctof.h; sourceTree = "<group>"; };
		391A9618243AD1FE00B9DBC6 /* ctof.c */ = {isa = PBXFileReference; lastKnownFileType = sourcecode.c.c; path = ctof.c; sourceTree = "<group>"; };
		391A961C243B08E300B9DBC6 /* str_replace.h */ = {isa = PBXFileReference; lastKnownFileType = sourcecode.c.h; path = str_replace.h; sourceTree = "<group>"; };
		391A961D243B08E300B9DBC6 /* str_replace.c */ = {isa = PBXFileReference; lastKnownFileType = sourcecode.c.c; path = str_replace.c; sourceTree = "<group>"; };
		391A961F243B125500B9DBC6 /* histogram.h */ = {isa = PBXFileReference; lastKnownFileType = sourcecode.c.h; path = histogram.h; sourceTree = "<group>"; };
		391A9620243B125500B9DBC6 /* histogram.c */ = {isa = PBXFileReference; lastKnownFileType = sourcecode.c.c; path = histogram.c; sourceTree = "<group>"; };
		391A9622243C0A9F00B9DBC6 /* reverse.h */ = {isa = PBXFileReference; lastKnownFileType = sourcecode.c.h; path = reverse.h; sourceTree = "<group>"; };
		391A9623243C0A9F00B9DBC6 /* reverse.c */ = {isa = PBXFileReference; lastKnownFileType = sourcecode.c.c; path = reverse.c; sourceTree = "<group>"; };
/* End PBXFileReference section */

/* Begin PBXFrameworksBuildPhase section */
		391A960A2437356600B9DBC6 /* Frameworks */ = {
			isa = PBXFrameworksBuildPhase;
			buildActionMask = 2147483647;
			files = (
			);
			runOnlyForDeploymentPostprocessing = 0;
		};
/* End PBXFrameworksBuildPhase section */

/* Begin PBXGroup section */
		391A96042437356600B9DBC6 = {
			isa = PBXGroup;
			children = (
				391A960F2437356600B9DBC6 /* wuym1 */,
				391A960E2437356600B9DBC6 /* Products */,
			);
			sourceTree = "<group>";
		};
		391A960E2437356600B9DBC6 /* Products */ = {
			isa = PBXGroup;
			children = (
				391A960D2437356600B9DBC6 /* wuym1 */,
			);
			name = Products;
			sourceTree = "<group>";
		};
		391A960F2437356600B9DBC6 /* wuym1 */ = {
			isa = PBXGroup;
			children = (
				391A96102437356600B9DBC6 /* main.c */,
				391A9617243AD1FE00B9DBC6 /* ctof.h */,
				391A9618243AD1FE00B9DBC6 /* ctof.c */,
				391A961C243B08E300B9DBC6 /* str_replace.h */,
				391A961D243B08E300B9DBC6 /* str_replace.c */,
				391A961F243B125500B9DBC6 /* histogram.h */,
				391A9620243B125500B9DBC6 /* histogram.c */,
				391A9622243C0A9F00B9DBC6 /* reverse.h */,
				391A9623243C0A9F00B9DBC6 /* reverse.c */,
			);
			path = wuym1;
			sourceTree = "<group>";
		};
/* End PBXGroup section */

/* Begin PBXNativeTarget section */
		391A960C2437356600B9DBC6 /* wuym1 */ = {
			isa = PBXNativeTarget;
			buildConfigurationList = 391A96142437356600B9DBC6 /* Build configuration list for PBXNativeTarget "wuym1" */;
			buildPhases = (
				391A96092437356600B9DBC6 /* Sources */,
				391A960A2437356600B9DBC6 /* Frameworks */,
				391A960B2437356600B9DBC6 /* CopyFiles */,
			);
			buildRules = (
			);
			dependencies = (
			);
			name = wuym1;
			productName = wuym1;
			productReference = 391A960D2437356600B9DBC6 /* wuym1 */;
			productType = "com.apple.product-type.tool";
		};
/* End PBXNativeTarget section */

/* Begin PBXProject section */
		391A96052437356600B9DBC6 /* Project object */ = {
			isa = PBXProject;
			attributes = {
				LastUpgradeCheck = 1140;
				ORGANIZATIONNAME = min;
				TargetAttributes = {
					391A960C2437356600B9DBC6 = {
						CreatedOnToolsVersion = 11.4;
					};
				};
			};
			buildConfigurationList = 391A96082437356600B9DBC6 /* Build configuration list for PBXProject "wuym1" */;
			compatibilityVersion = "Xcode 9.3";
			developmentRegion = en;
			hasScannedForEncodings = 0;
			knownRegions = (
				en,
				Base,
			);
			mainGroup = 391A96042437356600B9DBC6;
			productRefGroup = 391A960E2437356600B9DBC6 /* Products */;
			projectDirPath = "";
			projectRoot = "";
			targets = (
				391A960C2437356600B9DBC6 /* wuym1 */,
			);
		};
/* End PBXProject section */

/* Begin PBXSourcesBuildPhase section */
		391A96092437356600B9DBC6 /* Sources */ = {
			isa = PBXSourcesBuildPhase;
			buildActionMask = 2147483647;
			files = (
				391A96112437356600B9DBC6 /* main.c in Sources */,
				391A961E243B08E300B9DBC6 /* str_replace.c in Sources */,
				391A9621243B125500B9DBC6 /* histogram.c in Sources */,
				391A9624243C0A9F00B9DBC6 /* reverse.c in Sources */,
				391A9619243AD1FE00B9DBC6 /* ctof.c in Sources */,
			);
			runOnlyForDeploymentPostprocessing = 0;
		};
/* End PBXSourcesBuildPhase section */

/* Begin XCBuildConfiguration section */
		391A96122437356600B9DBC6 /* Debug */ = {
			isa = XCBuildConfiguration;
			buildSettings = {
				ALWAYS_SEARCH_USER_PATHS = NO;
				CLANG_ANALYZER_NONNULL = YES;
				CLANG_ANALYZER_NUMBER_OBJECT_CONVERSION = YES_AGGRESSIVE;
				CLANG_CXX_LANGUAGE_STANDARD = "gnu++14";
				CLANG_CXX_LIBRARY = "libc++";
				CLANG_ENABLE_MODULES = YES;
				CLANG_ENABLE_OBJC_ARC = YES;
				CLANG_ENABLE_OBJC_WEAK = YES;
				CLANG_WARN_BLOCK_CAPTURE_AUTORELEASING = YES;
				CLANG_WARN_BOOL_CONVERSION = YES;
				CLANG_WARN_COMMA = YES;
				CLANG_WARN_CONSTANT_CONVERSION = YES;
				CLANG_WARN_DEPRECATED_OBJC_IMPLEMENTATIONS = YES;
				CLANG_WARN_DIRECT_OBJC_ISA_USAGE = YES_ERROR;
				CLANG_WARN_DOCUMENTATION_COMMENTS = YES;
				CLANG_WARN_EMPTY_BODY = YES;
				CLANG_WARN_ENUM_CONVERSION = YES;
				CLANG_WARN_INFINITE_RECURSION = YES;
				CLANG_WARN_INT_CONVERSION = YES;
				CLANG_WARN_NON_LITERAL_NULL_CONVERSION = YES;
				CLANG_WARN_OBJC_IMPLICIT_RETAIN_SELF = YES;
				CLANG_WARN_OBJC_LITERAL_CONVERSION = YES;
				CLANG_WARN_OBJC_ROOT_CLASS = YES_ERROR;
				CLANG_WARN_RANGE_LOOP_ANALYSIS = YES;
				CLANG_WARN_STRICT_PROTOTYPES = YES;
				CLANG_WARN_SUSPICIOUS_MOVE = YES;
				CLANG_WARN_UNGUARDED_AVAILABILITY = YES_AGGRESSIVE;
				CLANG_WARN_UNREACHABLE_CODE = YES;
				CLANG_WARN__DUPLICATE_METHOD_MATCH = YES;
				COPY_PHASE_STRIP = NO;
				DEBUG_INFORMATION_FORMAT = dwarf;
				ENABLE_STRICT_OBJC_MSGSEND = YES;
				ENABLE_TESTABILITY = YES;
				GCC_C_LANGUAGE_STANDARD = gnu11;
				GCC_DYNAMIC_NO_PIC = NO;
				GCC_NO_COMMON_BLOCKS = YES;
				GCC_OPTIMIZATION_LEVEL = 0;
				GCC_PREPROCESSOR_DEFINITIONS = (
					"DEBUG=1",
					"$(inherited)",
				);
				GCC_WARN_64_TO_32_BIT_CONVERSION = YES;
				GCC_WARN_ABOUT_RETURN_TYPE = YES_ERROR;
				GCC_WARN_UNDECLARED_SELECTOR = YES;
				GCC_WARN_UNINITIALIZED_AUTOS = YES_AGGRESSIVE;
				GCC_WARN_UNUSED_FUNCTION = YES;
				GCC_WARN_UNUSED_VARIABLE = YES;
				MACOSX_DEPLOYMENT_TARGET = 10.15;
				MTL_ENABLE_DEBUG_INFO = INCLUDE_SOURCE;
				MTL_FAST_MATH = YES;
				ONLY_ACTIVE_ARCH = YES;
				SDKROOT = macosx;
			};
			name = Debug;
		};
		391A96132437356600B9DBC6 /* Release */ = {
			isa = XCBuildConfiguration;
			buildSettings = {
				ALWAYS_SEARCH_USER_PATHS = NO;
				CLANG_ANALYZER_NONNULL = YES;
				CLANG_ANALYZER_NUMBER_OBJECT_CONVERSION = YES_AGGRESSIVE;
				CLANG_CXX_LANGUAGE_STANDARD = "gnu++14";
				CLANG_CXX_LIBRARY = "libc++";
				CLANG_ENABLE_MODULES = YES;
				CLANG_ENABLE_OBJC_ARC = YES;
				CLANG_ENABLE_OBJC_WEAK = YES;
				CLANG_WARN_BLOCK_CAPTURE_AUTORELEASING = YES;
				CLANG_WARN_BOOL_CONVERSION = YES;
				CLANG_WARN_COMMA = YES;
				CLANG_WARN_CONSTANT_CONVERSION = YES;
				CLANG_WARN_DEPRECATED_OBJC_IMPLEMENTATIONS = YES;
				CLANG_WARN_DIRECT_OBJC_ISA_USAGE = YES_ERROR;
				CLANG_WARN_DOCUMENTATION_COMMENTS = YES;
				CLANG_WARN_EMPTY_BODY = YES;
				CLANG_WARN_ENUM_CONVERSION = YES;
				CLANG_WARN_INFINITE_RECURSION = YES;
				CLANG_WARN_INT_CONVERSION = YES;
				CLANG_WARN_NON_LITERAL_NULL_CONVERSION = YES;
				CLANG_WARN_OBJC_IMPLICIT_RETAIN_SELF = YES;
				CLANG_WARN_OBJC_LITERAL_CONVERSION = YES;
				CLANG_WARN_OBJC_ROOT_CLASS = YES_ERROR;
				CLANG_WARN_RANGE_LOOP_ANALYSIS = YES;
				CLANG_WARN_STRICT_PROTOTYPES = YES;
				CLANG_WARN_SUSPICIOUS_MOVE = YES;
				CLANG_WARN_UNGUARDED_AVAILABILITY = YES_AGGRESSIVE;
				CLANG_WARN_UNREACHABLE_CODE = YES;
				CLANG_WARN__DUPLICATE_METHOD_MATCH = YES;
				COPY_PHASE_STRIP = NO;
				DEBUG_INFORMATION_FORMAT = "dwarf-with-dsym";
				ENABLE_NS_ASSERTIONS = NO;
				ENABLE_STRICT_OBJC_MSGSEND = YES;
				GCC_C_LANGUAGE_STANDARD = gnu11;
				GCC_NO_COMMON_BLOCKS = YES;
				GCC_WARN_64_TO_32_BIT_CONVERSION = YES;
				GCC_WARN_ABOUT_RETURN_TYPE = YES_ERROR;
				GCC_WARN_UNDECLARED_SELECTOR = YES;
				GCC_WARN_UNINITIALIZED_AUTOS = YES_AGGRESSIVE;
				GCC_WARN_UNUSED_FUNCTION = YES;
				GCC_WARN_UNUSED_VARIABLE = YES;
				MACOSX_DEPLOYMENT_TARGET = 10.15;
				MTL_ENABLE_DEBUG_INFO = NO;
				MTL_FAST_MATH = YES;
				SDKROOT = macosx;
			};
			name = Release;
		};
		391A96152437356600B9DBC6 /* Debug */ = {
			isa = XCBuildConfiguration;
			buildSettings = {
				CODE_SIGN_STYLE = Automatic;
				PRODUCT_NAME = "$(TARGET_NAME)";
			};
			name = Debug;
		};
		391A96162437356600B9DBC6 /* Release */ = {
			isa = XCBuildConfiguration;
			buildSettings = {
				CODE_SIGN_STYLE = Automatic;
				PRODUCT_NAME = "$(TARGET_NAME)";
			};
			name = Release;
		};
/* End XCBuildConfiguration section */

/* Begin XCConfigurationList section */
		391A96082437356600B9DBC6 /* Build configuration list for PBXProject "wuym1" */ = {
			isa = XCConfigurationList;
			buildConfigurations = (
				391A96122437356600B9DBC6 /* Debug */,
				391A96132437356600B9DBC6 /* Release */,
			);
			defaultConfigurationIsVisible = 0;
			defaultConfigurationName = Release;
		};
		391A96142437356600B9DBC6 /* Build configuration list for PBXNativeTarget "wuym1" */ = {
			isa = XCConfigurationList;
			buildConfigurations = (
				391A96152437356600B9DBC6 /* Debug */,
				391A96162437356600B9DBC6 /* Release */,
			);
			defaultConfigurationIsVisible = 0;
			defaultConfigurationName = Release;
		};
/* End XCConfigurationList section */
	};
	rootObject = 391A96052437356600B9DBC6 /* Project object */;
}
